
Microsoft Visual Studio Solution File, Format Version 12.00
# Visual Studio Version 16
VisualStudioVersion = 16.0.30320.27
MinimumVisualStudioVersion = 10.0.40219.1
Project("{FAE04EC0-301F-11D3-BF4B-00C04F79EFBC}") = "Lab2.2", "Lab2.2\Lab2.2.csproj", "{0D8B3780-539A-49DA-9C95-AB29106EDBAC}"
EndProject
Global
	GlobalSection(SolutionConfigurationPlatforms) = preSolution
		Debug|Any CPU = Debug|Any CPU
		Release|Any CPU = Release|Any CPU
	EndGlobalSection
	GlobalSection(ProjectConfigurationPlatforms) = postSolution
		{0D8B3780-539A-49DA-9C95-AB29106EDBAC}.Debug|Any CPU.ActiveCfg = Debug|Any CPU
		{0D8B3780-539A-49DA-9C95-AB29106EDBAC}.Debug|Any CPU.Build.0 = Debug|Any CPU
		{0D8B3780-539A-49DA-9C95-AB29106EDBAC}.Release|Any CPU.ActiveCfg = Release|Any CPU
		{0D8B3780-539A-49DA-9C95-AB29106EDBAC}.Release|Any CPU.Build.0 = Release|Any CPU
	EndGlobalSection
	GlobalSection(SolutionProperties) = preSolution
		HideSolutionNode = FALSE
	EndGlobalSection
	GlobalSection(ExtensibilityGlobals) = postSolution
		SolutionGuid = {28852C7B-EFC5-46C4-AB39-E5D507E58F8A}
	EndGlobalSection
EndGlobal
